# This file is automatically @generated by Poetry 1.8.3 and should not be changed by hand.

[[package]]
name = "black"
version = "24.8.0"
description = "The uncompromising code formatter."
optional = false
python-versions = ">=3.8"
files = [
    {file = "black-24.8.0-cp310-cp310-macosx_10_9_x86_64.whl", hash = "sha256:09cdeb74d494ec023ded657f7092ba518e8cf78fa8386155e4a03fdcc44679e6"},
    {file = "black-24.8.0-cp310-cp310-macosx_11_0_arm64.whl", hash = "sha256:81c6742da39f33b08e791da38410f32e27d632260e599df7245cccee2064afeb"},
    {file = "black-24.8.0-cp310-cp310-manylinux_2_17_x86_64.manylinux2014_x86_64.manylinux_2_28_x86_64.whl", hash = "sha256:707a1ca89221bc8a1a64fb5e15ef39cd755633daa672a9db7498d1c19de66a42"},
    {file = "black-24.8.0-cp310-cp310-win_amd64.whl", hash = "sha256:d6417535d99c37cee4091a2f24eb2b6d5ec42b144d50f1f2e436d9fe1916fe1a"},
    {file = "black-24.8.0-cp311-cp311-macosx_10_9_x86_64.whl", hash = "sha256:fb6e2c0b86bbd43dee042e48059c9ad7830abd5c94b0bc518c0eeec57c3eddc1"},
    {file = "black-24.8.0-cp311-cp311-macosx_11_0_arm64.whl", hash = "sha256:837fd281f1908d0076844bc2b801ad2d369c78c45cf800cad7b61686051041af"},
    {file = "black-24.8.0-cp311-cp311-manylinux_2_17_x86_64.manylinux2014_x86_64.manylinux_2_28_x86_64.whl", hash = "sha256:62e8730977f0b77998029da7971fa896ceefa2c4c4933fcd593fa599ecbf97a4"},
    {file = "black-24.8.0-cp311-cp311-win_amd64.whl", hash = "sha256:72901b4913cbac8972ad911dc4098d5753704d1f3c56e44ae8dce99eecb0e3af"},
    {file = "black-24.8.0-cp312-cp312-macosx_10_9_x86_64.whl", hash = "sha256:7c046c1d1eeb7aea9335da62472481d3bbf3fd986e093cffd35f4385c94ae368"},
    {file = "black-24.8.0-cp312-cp312-macosx_11_0_arm64.whl", hash = "sha256:649f6d84ccbae73ab767e206772cc2d7a393a001070a4c814a546afd0d423aed"},
    {file = "black-24.8.0-cp312-cp312-manylinux_2_17_x86_64.manylinux2014_x86_64.manylinux_2_28_x86_64.whl", hash = "sha256:2b59b250fdba5f9a9cd9d0ece6e6d993d91ce877d121d161e4698af3eb9c1018"},
    {file = "black-24.8.0-cp312-cp312-win_amd64.whl", hash = "sha256:6e55d30d44bed36593c3163b9bc63bf58b3b30e4611e4d88a0c3c239930ed5b2"},
    {file = "black-24.8.0-cp38-cp38-macosx_10_9_x86_64.whl", hash = "sha256:505289f17ceda596658ae81b61ebbe2d9b25aa78067035184ed0a9d855d18afd"},
    {file = "black-24.8.0-cp38-cp38-macosx_11_0_arm64.whl", hash = "sha256:b19c9ad992c7883ad84c9b22aaa73562a16b819c1d8db7a1a1a49fb7ec13c7d2"},
    {file = "black-24.8.0-cp38-cp38-manylinux_2_17_x86_64.manylinux2014_x86_64.manylinux_2_28_x86_64.whl", hash = "sha256:1f13f7f386f86f8121d76599114bb8c17b69d962137fc70efe56137727c7047e"},
    {file = "black-24.8.0-cp38-cp38-win_amd64.whl", hash = "sha256:f490dbd59680d809ca31efdae20e634f3fae27fba3ce0ba3208333b713bc3920"},
    {file = "black-24.8.0-cp39-cp39-macosx_10_9_x86_64.whl", hash = "sha256:eab4dd44ce80dea27dc69db40dab62d4ca96112f87996bca68cd75639aeb2e4c"},
    {file = "black-24.8.0-cp39-cp39-macosx_11_0_arm64.whl", hash = "sha256:3c4285573d4897a7610054af5a890bde7c65cb466040c5f0c8b732812d7f0e5e"},
    {file = "black-24.8.0-cp39-cp39-manylinux_2_17_x86_64.manylinux2014_x86_64.manylinux_2_28_x86_64.whl", hash = "sha256:9e84e33b37be070ba135176c123ae52a51f82306def9f7d063ee302ecab2cf47"},
    {file = "black-24.8.0-cp39-cp39-win_amd64.whl", hash = "sha256:73bbf84ed136e45d451a260c6b73ed674652f90a2b3211d6a35e78054563a9bb"},
    {file = "black-24.8.0-py3-none-any.whl", hash = "sha256:972085c618ee94f402da1af548a4f218c754ea7e5dc70acb168bfaca4c2542ed"},
    {file = "black-24.8.0.tar.gz", hash = "sha256:2500945420b6784c38b9ee885af039f5e7471ef284ab03fa35ecdde4688cd83f"},
]

[package.dependencies]
click = ">=8.0.0"
mypy-extensions = ">=0.4.3"
packaging = ">=22.0"
pathspec = ">=0.9.0"
platformdirs = ">=2"
tomli = {version = ">=1.1.0", markers = "python_version < \"3.11\""}
typing-extensions = {version = ">=4.0.1", markers = "python_version < \"3.11\""}

[package.extras]
colorama = ["colorama (>=0.4.3)"]
d = ["aiohttp (>=3.7.4)", "aiohttp (>=3.7.4,!=3.9.0)"]
jupyter = ["ipython (>=7.8.0)", "tokenize-rt (>=3.2.0)"]
uvloop = ["uvloop (>=0.15.2)"]

[[package]]
name = "click"
version = "8.1.7"
description = "Composable command line interface toolkit"
optional = false
python-versions = ">=3.7"
files = [
    {file = "click-8.1.7-py3-none-any.whl", hash = "sha256:ae74fb96c20a0277a1d615f1e4d73c8414f5a98db8b799a7931d1582f3390c28"},
    {file = "click-8.1.7.tar.gz", hash = "sha256:ca9853ad459e787e2192211578cc907e7594e294c7ccc834310722b41b9ca6de"},
]

[package.dependencies]
colorama = {version = "*", markers = "platform_system == \"Windows\""}

[[package]]
name = "colorama"
version = "0.4.6"
description = "Cross-platform colored terminal text."
optional = false
python-versions = "!=3.0.*,!=3.1.*,!=3.2.*,!=3.3.*,!=3.4.*,!=3.5.*,!=3.6.*,>=2.7"
files = [
    {file = "colorama-0.4.6-py2.py3-none-any.whl", hash = "sha256:4f1d9991f5acc0ca119f9d443620b77f9d6b33703e51011c16baf57afb285fc6"},
    {file = "colorama-0.4.6.tar.gz", hash = "sha256:08695f5cb7ed6e0531a20572697297273c47b8cae5a63ffc6d6ed5c201be6e44"},
]

[[package]]
name = "exceptiongroup"
version = "1.2.2"
description = "Backport of PEP 654 (exception groups)"
optional = false
python-versions = ">=3.7"
files = [
    {file = "exceptiongroup-1.2.2-py3-none-any.whl", hash = "sha256:3111b9d131c238bec2f8f516e123e14ba243563fb135d3fe885990585aa7795b"},
    {file = "exceptiongroup-1.2.2.tar.gz", hash = "sha256:47c2edf7c6738fafb49fd34290706d1a1a2f4d1c6df275526b62cbb4aa5393cc"},
]

[package.extras]
test = ["pytest (>=6)"]

[[package]]
name = "h3"
version = "3.7.7"
description = "Hierarchical hexagonal geospatial indexing system"
optional = false
python-versions = "*"
files = [
    {file = "h3-3.7.7-cp310-cp310-macosx_10_9_x86_64.whl", hash = "sha256:951ecc9da0bcd5091670b13636928747bc98bc76891da0fa725524ec017cd9de"},
    {file = "h3-3.7.7-cp310-cp310-macosx_11_0_arm64.whl", hash = "sha256:26b9dd605541223ef927cc913deccb236cee024b16032f4a3e4387e2791479f2"},
    {file = "h3-3.7.7-cp310-cp310-manylinux_2_17_aarch64.manylinux2014_aarch64.whl", hash = "sha256:996ebb32dc26dd607af7493149f94ce316117be6f42971f7b33bbd326ec695d2"},
    {file = "h3-3.7.7-cp310-cp310-manylinux_2_17_x86_64.manylinux2014_x86_64.whl", hash = "sha256:fa2a4aa888cd9476788b874b4e11e178293f5b86e8461c36596bf183c242d417"},
    {file = "h3-3.7.7-cp310-cp310-musllinux_1_1_x86_64.whl", hash = "sha256:0256e42687470c6f0044ca78fe375fe32a654be8b5a8313b4a68f52f513389c6"},
    {file = "h3-3.7.7-cp310-cp310-win_amd64.whl", hash = "sha256:a3e2bc125490f900e0513c30480722f129bab1415f23040b6cd3a3f8d5a39336"},
    {file = "h3-3.7.7-cp311-cp311-macosx_10_9_x86_64.whl", hash = "sha256:7d59018a50cd3b6d0ff0b18a54fdfcbaf2f79c13c831842f54fd2780c4b561ea"},
    {file = "h3-3.7.7-cp311-cp311-macosx_11_0_arm64.whl", hash = "sha256:9e74526d941c1656fe162cc63b459b61aa83a15e257e9477b1570f26c544b51a"},
    {file = "h3-3.7.7-cp311-cp311-manylinux_2_17_aarch64.manylinux2014_aarch64.whl", hash = "sha256:7c7398dbab685fcf3fe92f7c4c5901ab258bc66f7fa05fd1da8693375a10a549"},
    {file = "h3-3.7.7-cp311-cp311-manylinux_2_17_x86_64.manylinux2014_x86_64.whl", hash = "sha256:6d22ea488ab5fe01c94070e9a6b3222916905a4d3f7a9d33cb2298c93fa0ffd3"},
    {file = "h3-3.7.7-cp311-cp311-musllinux_1_1_x86_64.whl", hash = "sha256:c94836155e8169be393980fc059f06481a14dd1913bd9cba609f6f1e8864c171"},
    {file = "h3-3.7.7-cp311-cp311-win_amd64.whl", hash = "sha256:836e74313ff55324485cd7e07783bc67df3191ec08a318035d7cd8ee0b0badab"},
    {file = "h3-3.7.7-cp312-cp312-macosx_10_9_x86_64.whl", hash = "sha256:51c2f63ef5a57e4b18ebc9c0eb56656433e280ec45ab487a514127bb6e7d6a1f"},
    {file = "h3-3.7.7-cp312-cp312-macosx_11_0_arm64.whl", hash = "sha256:4d6e38dea47c220d9802af8e8bebc806f9f39358aee07b736191ff21e2c9921d"},
    {file = "h3-3.7.7-cp312-cp312-manylinux_2_17_aarch64.manylinux2014_aarch64.whl", hash = "sha256:e408342e94f558802a97bfcbe1baae2af8b1fd926ad9041d970ff9dbd0502099"},
    {file = "h3-3.7.7-cp312-cp312-manylinux_2_17_x86_64.manylinux2014_x86_64.whl", hash = "sha256:644c3c84585aa4df62e81bc54fd305c4d6686324731de230b0ddbd7036ed172c"},
    {file = "h3-3.7.7-cp312-cp312-musllinux_1_1_x86_64.whl", hash = "sha256:bb4a3d5e82d0c89512dc71b4eac17976a29be29da250ba76bc94bc5b9e824f0e"},
    {file = "h3-3.7.7-cp312-cp312-win_amd64.whl", hash = "sha256:2ccff5f02589e80202597ed0b9f61ebd114e262e7dd0fe88059298602898192f"},
    {file = "h3-3.7.7-cp36-cp36m-macosx_10_9_x86_64.whl", hash = "sha256:ef2e71b619f984e71c4bd9d128152e2c7e3e788e2d2ec571b32cef1d295ddf38"},
    {file = "h3-3.7.7-cp36-cp36m-manylinux_2_17_x86_64.manylinux2014_x86_64.whl", hash = "sha256:8cb13f0213ed6da80e739355e5b62cfc81b7b1469af997be3384a6cbc3a1a750"},
    {file = "h3-3.7.7-cp36-cp36m-musllinux_1_1_x86_64.whl", hash = "sha256:701f72f703d892fb17e66b9fd7b6b2ad125e135b091eb7dd0ec11858b84d84d2"},
    {file = "h3-3.7.7-cp36-cp36m-win_amd64.whl", hash = "sha256:796622be7cb052690404c0ac03768183e51ae22505ce4a424b4537b2b7609fba"},
    {file = "h3-3.7.7-cp37-cp37m-macosx_10_9_x86_64.whl", hash = "sha256:bcd88a72d6aa97d0f3b3b87b7bfd9725a8909501e6cb9d0057d5b690b6bb37b0"},
    {file = "h3-3.7.7-cp37-cp37m-manylinux_2_17_aarch64.manylinux2014_aarch64.whl", hash = "sha256:a7358ba3f91193a2551c4a8d7ad7fd348e567b3a3581c9c161630029dfb23e07"},
    {file = "h3-3.7.7-cp37-cp37m-manylinux_2_17_x86_64.manylinux2014_x86_64.whl", hash = "sha256:a8f34b204edc2e8f7d99a6db4ed1b5d202b7ea3ec6817d373ec432dee14efe04"},
    {file = "h3-3.7.7-cp37-cp37m-musllinux_1_1_x86_64.whl", hash = "sha256:2aa0f8ce89b5e694815ee7a5172a782d58f2652267329de7008354b110b53955"},
    {file = "h3-3.7.7-cp37-cp37m-win_amd64.whl", hash = "sha256:4c851baa1c2d4f29b01157ce2a4cdb1f3879fff5c36ff7861dad1526963a17a7"},
    {file = "h3-3.7.7-cp38-cp38-macosx_10_9_x86_64.whl", hash = "sha256:6f3a9da5472820b0a4add342f96fe52f65fbb8f46984383885738517b38af69e"},
    {file = "h3-3.7.7-cp38-cp38-macosx_11_0_arm64.whl", hash = "sha256:1c57da776a3c1a01e2986b1f6a31d497ee0be8fcdbaaf9b23bb90f5a90eb8f0b"},
    {file = "h3-3.7.7-cp38-cp38-manylinux_2_17_aarch64.manylinux2014_aarch64.whl", hash = "sha256:7a5c0c0ddd9c57694ecc3b9ba99cbef2842882f8943d6edc676a365e139dbc6d"},
    {file = "h3-3.7.7-cp38-cp38-manylinux_2_17_x86_64.manylinux2014_x86_64.whl", hash = "sha256:0c1b5a0a652719b645387231bf6d7d4dd85150e4440a4ce72a804a10e86592ae"},
    {file = "h3-3.7.7-cp38-cp38-musllinux_1_1_x86_64.whl", hash = "sha256:64f76dc827fef94e9f43f95a1daea2e11f2ad2e8c55deac072f3d59bd62412d4"},
    {file = "h3-3.7.7-cp38-cp38-win_amd64.whl", hash = "sha256:c993a36120d7f5607f24ba9e39caf715eaf9cd9d44f5d5660fd85e3f4e0c6bf7"},
    {file = "h3-3.7.7-cp39-cp39-macosx_10_9_x86_64.whl", hash = "sha256:eb154d2af699870b888e10476e327c895078009d2d2a6ef2d053d7dcf0e2c270"},
    {file = "h3-3.7.7-cp39-cp39-macosx_11_0_arm64.whl", hash = "sha256:c96ad74e246bb7638d413efa8199dd4c58ee929424a4dcaadb16365195f77f87"},
    {file = "h3-3.7.7-cp39-cp39-manylinux_2_17_aarch64.manylinux2014_aarch64.whl", hash = "sha256:52901f14f8b6e2c82075fd52c0e70176b868f621d47b5dc93f468c510e963722"},
    {file = "h3-3.7.7-cp39-cp39-manylinux_2_17_x86_64.manylinux2014_x86_64.whl", hash = "sha256:fa9d82a0fcc647e7bab36ab2e7a7392d141edc95d113ccf972e0fb7b0ddf80a0"},
    {file = "h3-3.7.7-cp39-cp39-musllinux_1_1_x86_64.whl", hash = "sha256:9f4417d09acb36f0452346052f576923d6e4334bff3459f217d6278d40397424"},
    {file = "h3-3.7.7-cp39-cp39-win_amd64.whl", hash = "sha256:7ae774cd43b057f68dc10c99e4522fa40ed6b32ab90b2df0025595ffa15e77a0"},
    {file = "h3-3.7.7.tar.gz", hash = "sha256:33d141c3cef0725a881771fd8cb80c06a0db84a6e4ca5c647ce095ae07c61e94"},
]

[package.extras]
all = ["flake8", "numpy", "pylint", "pytest", "pytest-cov"]
numpy = ["numpy"]
test = ["flake8", "pylint", "pytest", "pytest-cov"]

[[package]]
name = "iniconfig"
version = "2.0.0"
description = "brain-dead simple config-ini parsing"
optional = false
python-versions = ">=3.7"
files = [
    {file = "iniconfig-2.0.0-py3-none-any.whl", hash = "sha256:b6a85871a79d2e3b22d2d1b94ac2824226a63c6b741c88f7ae975f18b6778374"},
    {file = "iniconfig-2.0.0.tar.gz", hash = "sha256:2d91e135bf72d31a410b17c16da610a82cb55f6b0477d1a902134b24a455b8b3"},
]

[[package]]
name = "mypy-extensions"
version = "1.0.0"
description = "Type system extensions for programs checked with the mypy type checker."
optional = false
python-versions = ">=3.5"
files = [
    {file = "mypy_extensions-1.0.0-py3-none-any.whl", hash = "sha256:4392f6c0eb8a5668a69e23d168ffa70f0be9ccfd32b5cc2d26a34ae5b844552d"},
    {file = "mypy_extensions-1.0.0.tar.gz", hash = "sha256:75dbf8955dc00442a438fc4d0666508a9a97b6bd41aa2f0ffe9d2f2725af0782"},
]

[[package]]
name = "numpy"
version = "2.0.2"
description = "Fundamental package for array computing in Python"
optional = false
python-versions = ">=3.9"
files = [
    {file = "numpy-2.0.2-cp310-cp310-macosx_10_9_x86_64.whl", hash = "sha256:51129a29dbe56f9ca83438b706e2e69a39892b5eda6cedcb6b0c9fdc9b0d3ece"},
    {file = "numpy-2.0.2-cp310-cp310-macosx_11_0_arm64.whl", hash = "sha256:f15975dfec0cf2239224d80e32c3170b1d168335eaedee69da84fbe9f1f9cd04"},
    {file = "numpy-2.0.2-cp310-cp310-macosx_14_0_arm64.whl", hash = "sha256:8c5713284ce4e282544c68d1c3b2c7161d38c256d2eefc93c1d683cf47683e66"},
    {file = "numpy-2.0.2-cp310-cp310-macosx_14_0_x86_64.whl", hash = "sha256:becfae3ddd30736fe1889a37f1f580e245ba79a5855bff5f2a29cb3ccc22dd7b"},
    {file = "numpy-2.0.2-cp310-cp310-manylinux_2_17_aarch64.manylinux2014_aarch64.whl", hash = "sha256:2da5960c3cf0df7eafefd806d4e612c5e19358de82cb3c343631188991566ccd"},
    {file = "numpy-2.0.2-cp310-cp310-manylinux_2_17_x86_64.manylinux2014_x86_64.whl", hash = "sha256:496f71341824ed9f3d2fd36cf3ac57ae2e0165c143b55c3a035ee219413f3318"},
    {file = "numpy-2.0.2-cp310-cp310-musllinux_1_1_x86_64.whl", hash = "sha256:a61ec659f68ae254e4d237816e33171497e978140353c0c2038d46e63282d0c8"},
    {file = "numpy-2.0.2-cp310-cp310-musllinux_1_2_aarch64.whl", hash = "sha256:d731a1c6116ba289c1e9ee714b08a8ff882944d4ad631fd411106a30f083c326"},
    {file = "numpy-2.0.2-cp310-cp310-win32.whl", hash = "sha256:984d96121c9f9616cd33fbd0618b7f08e0cfc9600a7ee1d6fd9b239186d19d97"},
    {file = "numpy-2.0.2-cp310-cp310-win_amd64.whl", hash = "sha256:c7b0be4ef08607dd04da4092faee0b86607f111d5ae68036f16cc787e250a131"},
    {file = "numpy-2.0.2-cp311-cp311-macosx_10_9_x86_64.whl", hash = "sha256:49ca4decb342d66018b01932139c0961a8f9ddc7589611158cb3c27cbcf76448"},
    {file = "numpy-2.0.2-cp311-cp311-macosx_11_0_arm64.whl", hash = "sha256:11a76c372d1d37437857280aa142086476136a8c0f373b2e648ab2c8f18fb195"},
    {file = "numpy-2.0.2-cp311-cp311-macosx_14_0_arm64.whl", hash = "sha256:807ec44583fd708a21d4a11d94aedf2f4f3c3719035c76a2bbe1fe8e217bdc57"},
    {file = "numpy-2.0.2-cp311-cp311-macosx_14_0_x86_64.whl", hash = "sha256:8cafab480740e22f8d833acefed5cc87ce276f4ece12fdaa2e8903db2f82897a"},
    {file = "numpy-2.0.2-cp311-cp311-manylinux_2_17_aarch64.manylinux2014_aarch64.whl", hash = "sha256:a15f476a45e6e5a3a79d8a14e62161d27ad897381fecfa4a09ed5322f2085669"},
    {file = "numpy-2.0.2-cp311-cp311-manylinux_2_17_x86_64.manylinux2014_x86_64.whl", hash = "sha256:13e689d772146140a252c3a28501da66dfecd77490b498b168b501835041f951"},
    {file = "numpy-2.0.2-cp311-cp311-musllinux_1_1_x86_64.whl", hash = "sha256:9ea91dfb7c3d1c56a0e55657c0afb38cf1eeae4544c208dc465c3c9f3a7c09f9"},
    {file = "numpy-2.0.2-cp311-cp311-musllinux_1_2_aarch64.whl", hash = "sha256:c1c9307701fec8f3f7a1e6711f9089c06e6284b3afbbcd259f7791282d660a15"},
    {file = "numpy-2.0.2-cp311-cp311-win32.whl", hash = "sha256:a392a68bd329eafac5817e5aefeb39038c48b671afd242710b451e76090e81f4"},
    {file = "numpy-2.0.2-cp311-cp311-win_amd64.whl", hash = "sha256:286cd40ce2b7d652a6f22efdfc6d1edf879440e53e76a75955bc0c826c7e64dc"},
    {file = "numpy-2.0.2-cp312-cp312-macosx_10_9_x86_64.whl", hash = "sha256:df55d490dea7934f330006d0f81e8551ba6010a5bf035a249ef61a94f21c500b"},
    {file = "numpy-2.0.2-cp312-cp312-macosx_11_0_arm64.whl", hash = "sha256:8df823f570d9adf0978347d1f926b2a867d5608f434a7cff7f7908c6570dcf5e"},
    {file = "numpy-2.0.2-cp312-cp312-macosx_14_0_arm64.whl", hash = "sha256:9a92ae5c14811e390f3767053ff54eaee3bf84576d99a2456391401323f4ec2c"},
    {file = "numpy-2.0.2-cp312-cp312-macosx_14_0_x86_64.whl", hash = "sha256:a842d573724391493a97a62ebbb8e731f8a5dcc5d285dfc99141ca15a3302d0c"},
    {file = "numpy-2.0.2-cp312-cp312-manylinux_2_17_aarch64.manylinux2014_aarch64.whl", hash = "sha256:c05e238064fc0610c840d1cf6a13bf63d7e391717d247f1bf0318172e759e692"},
    {file = "numpy-2.0.2-cp312-cp312-manylinux_2_17_x86_64.manylinux2014_x86_64.whl", hash = "sha256:0123ffdaa88fa4ab64835dcbde75dcdf89c453c922f18dced6e27c90d1d0ec5a"},
    {file = "numpy-2.0.2-cp312-cp312-musllinux_1_1_x86_64.whl", hash = "sha256:96a55f64139912d61de9137f11bf39a55ec8faec288c75a54f93dfd39f7eb40c"},
    {file = "numpy-2.0.2-cp312-cp312-musllinux_1_2_aarch64.whl", hash = "sha256:ec9852fb39354b5a45a80bdab5ac02dd02b15f44b3804e9f00c556bf24b4bded"},
    {file = "numpy-2.0.2-cp312-cp312-win32.whl", hash = "sha256:671bec6496f83202ed2d3c8fdc486a8fc86942f2e69ff0e986140339a63bcbe5"},
    {file = "numpy-2.0.2-cp312-cp312-win_amd64.whl", hash = "sha256:cfd41e13fdc257aa5778496b8caa5e856dc4896d4ccf01841daee1d96465467a"},
    {file = "numpy-2.0.2-cp39-cp39-macosx_10_9_x86_64.whl", hash = "sha256:9059e10581ce4093f735ed23f3b9d283b9d517ff46009ddd485f1747eb22653c"},
    {file = "numpy-2.0.2-cp39-cp39-macosx_11_0_arm64.whl", hash = "sha256:423e89b23490805d2a5a96fe40ec507407b8ee786d66f7328be214f9679df6dd"},
    {file = "numpy-2.0.2-cp39-cp39-macosx_14_0_arm64.whl", hash = "sha256:2b2955fa6f11907cf7a70dab0d0755159bca87755e831e47932367fc8f2f2d0b"},
    {file = "numpy-2.0.2-cp39-cp39-macosx_14_0_x86_64.whl", hash = "sha256:97032a27bd9d8988b9a97a8c4d2c9f2c15a81f61e2f21404d7e8ef00cb5be729"},
    {file = "numpy-2.0.2-cp39-cp39-manylinux_2_17_aarch64.manylinux2014_aarch64.whl", hash = "sha256:1e795a8be3ddbac43274f18588329c72939870a16cae810c2b73461c40718ab1"},
    {file = "numpy-2.0.2-cp39-cp39-manylinux_2_17_x86_64.manylinux2014_x86_64.whl", hash = "sha256:f26b258c385842546006213344c50655ff1555a9338e2e5e02a0756dc3e803dd"},
    {file = "numpy-2.0.2-cp39-cp39-musllinux_1_1_x86_64.whl", hash = "sha256:5fec9451a7789926bcf7c2b8d187292c9f93ea30284802a0ab3f5be8ab36865d"},
    {file = "numpy-2.0.2-cp39-cp39-musllinux_1_2_aarch64.whl", hash = "sha256:9189427407d88ff25ecf8f12469d4d39d35bee1db5d39fc5c168c6f088a6956d"},
    {file = "numpy-2.0.2-cp39-cp39-win32.whl", hash = "sha256:905d16e0c60200656500c95b6b8dca5d109e23cb24abc701d41c02d74c6b3afa"},
    {file = "numpy-2.0.2-cp39-cp39-win_amd64.whl", hash = "sha256:a3f4ab0caa7f053f6797fcd4e1e25caee367db3112ef2b6ef82d749530768c73"},
    {file = "numpy-2.0.2-pp39-pypy39_pp73-macosx_10_9_x86_64.whl", hash = "sha256:7f0a0c6f12e07fa94133c8a67404322845220c06a9e80e85999afe727f7438b8"},
    {file = "numpy-2.0.2-pp39-pypy39_pp73-macosx_14_0_x86_64.whl", hash = "sha256:312950fdd060354350ed123c0e25a71327d3711584beaef30cdaa93320c392d4"},
    {file = "numpy-2.0.2-pp39-pypy39_pp73-manylinux_2_17_x86_64.manylinux2014_x86_64.whl", hash = "sha256:26df23238872200f63518dd2aa984cfca675d82469535dc7162dc2ee52d9dd5c"},
    {file = "numpy-2.0.2-pp39-pypy39_pp73-win_amd64.whl", hash = "sha256:a46288ec55ebbd58947d31d72be2c63cbf839f0a63b49cb755022310792a3385"},
    {file = "numpy-2.0.2.tar.gz", hash = "sha256:883c987dee1880e2a864ab0dc9892292582510604156762362d9326444636e78"},
]

[[package]]
name = "packaging"
version = "24.1"
description = "Core utilities for Python packages"
optional = false
python-versions = ">=3.8"
files = [
    {file = "packaging-24.1-py3-none-any.whl", hash = "sha256:5b8f2217dbdbd2f7f384c41c628544e6d52f2d0f53c6d0c3ea61aa5d1d7ff124"},
    {file = "packaging-24.1.tar.gz", hash = "sha256:026ed72c8ed3fcce5bf8950572258698927fd1dbda10a5e981cdf0ac37f4f002"},
]

[[package]]
name = "pathspec"
version = "0.12.1"
description = "Utility library for gitignore style pattern matching of file paths."
optional = false
python-versions = ">=3.8"
files = [
    {file = "pathspec-0.12.1-py3-none-any.whl", hash = "sha256:a0d503e138a4c123b27490a4f7beda6a01c6f288df0e4a8b79c7eb0dc7b4cc08"},
    {file = "pathspec-0.12.1.tar.gz", hash = "sha256:a482d51503a1ab33b1c67a6c3813a26953dbdc71c31dacaef9a838c4e29f5712"},
]

[[package]]
name = "platformdirs"
version = "4.2.2"
description = "A small Python package for determining appropriate platform-specific dirs, e.g. a `user data dir`."
optional = false
python-versions = ">=3.8"
files = [
    {file = "platformdirs-4.2.2-py3-none-any.whl", hash = "sha256:2d7a1657e36a80ea911db832a8a6ece5ee53d8de21edd5cc5879af6530b1bfee"},
    {file = "platformdirs-4.2.2.tar.gz", hash = "sha256:38b7b51f512eed9e84a22788b4bce1de17c0adb134d6becb09836e37d8654cd3"},
]

[package.extras]
docs = ["furo (>=2023.9.10)", "proselint (>=0.13)", "sphinx (>=7.2.6)", "sphinx-autodoc-typehints (>=1.25.2)"]
test = ["appdirs (==1.4.4)", "covdefaults (>=2.3)", "pytest (>=7.4.3)", "pytest-cov (>=4.1)", "pytest-mock (>=3.12)"]
type = ["mypy (>=1.8)"]

[[package]]
name = "pluggy"
version = "1.5.0"
description = "plugin and hook calling mechanisms for python"
optional = false
python-versions = ">=3.8"
files = [
    {file = "pluggy-1.5.0-py3-none-any.whl", hash = "sha256:44e1ad92c8ca002de6377e165f3e0f1be63266ab4d554740532335b9d75ea669"},
    {file = "pluggy-1.5.0.tar.gz", hash = "sha256:2cffa88e94fdc978c4c574f15f9e59b7f4201d439195c3715ca9e2486f1d0cf1"},
]

[package.extras]
dev = ["pre-commit", "tox"]
testing = ["pytest", "pytest-benchmark"]

[[package]]
name = "pytest"
version = "7.4.4"
description = "pytest: simple powerful testing with Python"
optional = false
python-versions = ">=3.7"
files = [
    {file = "pytest-7.4.4-py3-none-any.whl", hash = "sha256:b090cdf5ed60bf4c45261be03239c2c1c22df034fbffe691abe93cd80cea01d8"},
    {file = "pytest-7.4.4.tar.gz", hash = "sha256:2cf0005922c6ace4a3e2ec8b4080eb0d9753fdc93107415332f50ce9e7994280"},
]

[package.dependencies]
colorama = {version = "*", markers = "sys_platform == \"win32\""}
exceptiongroup = {version = ">=1.0.0rc8", markers = "python_version < \"3.11\""}
iniconfig = "*"
packaging = "*"
pluggy = ">=0.12,<2.0"
tomli = {version = ">=1.0.0", markers = "python_version < \"3.11\""}

[package.extras]
testing = ["argcomplete", "attrs (>=19.2.0)", "hypothesis (>=3.56)", "mock", "nose", "pygments (>=2.7.2)", "requests", "setuptools", "xmlschema"]

[[package]]
name = "ruff"
version = "0.6.3"
description = "An extremely fast Python linter and code formatter, written in Rust."
optional = false
python-versions = ">=3.7"
files = [
    {file = "ruff-0.6.3-py3-none-linux_armv6l.whl", hash = "sha256:97f58fda4e309382ad30ede7f30e2791d70dd29ea17f41970119f55bdb7a45c3"},
    {file = "ruff-0.6.3-py3-none-macosx_10_12_x86_64.whl", hash = "sha256:3b061e49b5cf3a297b4d1c27ac5587954ccb4ff601160d3d6b2f70b1622194dc"},
    {file = "ruff-0.6.3-py3-none-macosx_11_0_arm64.whl", hash = "sha256:34e2824a13bb8c668c71c1760a6ac7d795ccbd8d38ff4a0d8471fdb15de910b1"},
    {file = "ruff-0.6.3-py3-none-manylinux_2_17_aarch64.manylinux2014_aarch64.whl", hash = "sha256:bddfbb8d63c460f4b4128b6a506e7052bad4d6f3ff607ebbb41b0aa19c2770d1"},
    {file = "ruff-0.6.3-py3-none-manylinux_2_17_armv7l.manylinux2014_armv7l.whl", hash = "sha256:ced3eeb44df75353e08ab3b6a9e113b5f3f996bea48d4f7c027bc528ba87b672"},
    {file = "ruff-0.6.3-py3-none-manylinux_2_17_i686.manylinux2014_i686.whl", hash = "sha256:47021dff5445d549be954eb275156dfd7c37222acc1e8014311badcb9b4ec8c1"},
    {file = "ruff-0.6.3-py3-none-manylinux_2_17_ppc64.manylinux2014_ppc64.whl", hash = "sha256:7d7bd20dc07cebd68cc8bc7b3f5ada6d637f42d947c85264f94b0d1cd9d87384"},
    {file = "ruff-0.6.3-py3-none-manylinux_2_17_ppc64le.manylinux2014_ppc64le.whl", hash = "sha256:500f166d03fc6d0e61c8e40a3ff853fa8a43d938f5d14c183c612df1b0d6c58a"},
    {file = "ruff-0.6.3-py3-none-manylinux_2_17_s390x.manylinux2014_s390x.whl", hash = "sha256:42844ff678f9b976366b262fa2d1d1a3fe76f6e145bd92c84e27d172e3c34500"},
    {file = "ruff-0.6.3-py3-none-manylinux_2_17_x86_64.manylinux2014_x86_64.whl", hash = "sha256:70452a10eb2d66549de8e75f89ae82462159855e983ddff91bc0bce6511d0470"},
    {file = "ruff-0.6.3-py3-none-musllinux_1_2_aarch64.whl", hash = "sha256:65a533235ed55f767d1fc62193a21cbf9e3329cf26d427b800fdeacfb77d296f"},
    {file = "ruff-0.6.3-py3-none-musllinux_1_2_armv7l.whl", hash = "sha256:d2e2c23cef30dc3cbe9cc5d04f2899e7f5e478c40d2e0a633513ad081f7361b5"},
    {file = "ruff-0.6.3-py3-none-musllinux_1_2_i686.whl", hash = "sha256:d8a136aa7d228975a6aee3dd8bea9b28e2b43e9444aa678fb62aeb1956ff2351"},
    {file = "ruff-0.6.3-py3-none-musllinux_1_2_x86_64.whl", hash = "sha256:f92fe93bc72e262b7b3f2bba9879897e2d58a989b4714ba6a5a7273e842ad2f8"},
    {file = "ruff-0.6.3-py3-none-win32.whl", hash = "sha256:7a62d3b5b0d7f9143d94893f8ba43aa5a5c51a0ffc4a401aa97a81ed76930521"},
    {file = "ruff-0.6.3-py3-none-win_amd64.whl", hash = "sha256:746af39356fee2b89aada06c7376e1aa274a23493d7016059c3a72e3b296befb"},
    {file = "ruff-0.6.3-py3-none-win_arm64.whl", hash = "sha256:14a9528a8b70ccc7a847637c29e56fd1f9183a9db743bbc5b8e0c4ad60592a82"},
    {file = "ruff-0.6.3.tar.gz", hash = "sha256:183b99e9edd1ef63be34a3b51fee0a9f4ab95add123dbf89a71f7b1f0c991983"},
]

[[package]]
name = "timezonefinder"
version = "6.0.1"
description = "fast python package for finding the timezone of any point on earth (coordinates) offline"
optional = false
python-versions = ">=3.7"
files = [
    {file = "timezonefinder-6.0.1-py37.py38.py39.py310-none-any.whl", hash = "sha256:2e8e958814f21fa809b16e98bd2f99082b69a0f88b864a4a1f2944d5a7e61827"},
    {file = "timezonefinder-6.0.1.tar.gz", hash = "sha256:0471463083b5fef7a656c7e31a7376fa1941bf6a41a0750c6e0ca151e43646e7"},
]

[package.dependencies]
h3 = ">=3.7.3"
numpy = ">=1.20.3"

[package.extras]
numba = ["numba (>=0.54.1)"]

[[package]]
name = "tomli"
version = "2.0.1"
description = "A lil' TOML parser"
optional = false
python-versions = ">=3.7"
files = [
    {file = "tomli-2.0.1-py3-none-any.whl", hash = "sha256:939de3e7a6161af0c887ef91b7d41a53e7c5a1ca976325f429cb46ea9bc30ecc"},
    {file = "tomli-2.0.1.tar.gz", hash = "sha256:de526c12914f0c550d15924c62d72abc48d6fe7364aa87328337a31007fe8a4f"},
]

[[package]]
name = "typing-extensions"
version = "4.12.2"
description = "Backported and Experimental Type Hints for Python 3.8+"
optional = false
python-versions = ">=3.8"
files = [
    {file = "typing_extensions-4.12.2-py3-none-any.whl", hash = "sha256:04e5ca0351e0f3f85c6853954072df659d0d13fac324d0072316b67d7794700d"},
    {file = "typing_extensions-4.12.2.tar.gz", hash = "sha256:1a7ead55c7e559dd4dee8856e3a88b41225abfe1ce8df57b7c13915fe121ffb8"},
]

[metadata]
lock-version = "2.0"
python-versions = ">= 3.9"
content-hash = "3ad0548eefe24b639c7ed24ed5c21948456f192a8af176825791aa6db3becdc1"
